
Microsoft Visual Studio Solution File, Format Version 12.00
# Visual Studio 15
VisualStudioVersion = 15.0.27130.2027
MinimumVisualStudioVersion = 10.0.40219.1
Project("{9A19103F-16F7-4668-BE54-9A1E7A4F7556}") = "TimeSheetApplication", "TimeSheetApplication\TimeSheetApplication.csproj", "{C1429E25-B53A-4C27-918B-F63B3DDD1495}"
EndProject
Project("{9A19103F-16F7-4668-BE54-9A1E7A4F7556}") = "SeleniumTests", "SeleniumTests\SeleniumTests.csproj", "{FE5A2950-4856-4876-81D6-494B7FBB9C7B}"
EndProject
Global
	GlobalSection(SolutionConfigurationPlatforms) = preSolution
		Debug|Any CPU = Debug|Any CPU
		Release|Any CPU = Release|Any CPU
	EndGlobalSection
	GlobalSection(ProjectConfigurationPlatforms) = postSolution
		{C1429E25-B53A-4C27-918B-F63B3DDD1495}.Debug|Any CPU.ActiveCfg = Debug|Any CPU
		{C1429E25-B53A-4C27-918B-F63B3DDD1495}.Debug|Any CPU.Build.0 = Debug|Any CPU
		{C1429E25-B53A-4C27-918B-F63B3DDD1495}.Release|Any CPU.ActiveCfg = Release|Any CPU
		{C1429E25-B53A-4C27-918B-F63B3DDD1495}.Release|Any CPU.Build.0 = Release|Any CPU
		{FE5A2950-4856-4876-81D6-494B7FBB9C7B}.Debug|Any CPU.ActiveCfg = Debug|Any CPU
		{FE5A2950-4856-4876-81D6-494B7FBB9C7B}.Debug|Any CPU.Build.0 = Debug|Any CPU
		{FE5A2950-4856-4876-81D6-494B7FBB9C7B}.Release|Any CPU.ActiveCfg = Release|Any CPU
		{FE5A2950-4856-4876-81D6-494B7FBB9C7B}.Release|Any CPU.Build.0 = Release|Any CPU
	EndGlobalSection
	GlobalSection(SolutionProperties) = preSolution
		HideSolutionNode = FALSE
	EndGlobalSection
	GlobalSection(ExtensibilityGlobals) = postSolution
		SolutionGuid = {D39E4BF5-2AA4-4054-9BE5-E6985F65A298}
	EndGlobalSection
EndGlobal
